
Microsoft Visual Studio Solution File, Format Version 12.00
# Visual Studio Version 16
VisualStudioVersion = 16.0.30804.86
MinimumVisualStudioVersion = 10.0.40219.1
Project("{FAE04EC0-301F-11D3-BF4B-00C04F79EFBC}") = "AstarothSpammer", "AstarothSpammer.csproj", "{8B65273A-0FF0-4F34-A21F-3E0AF5D73116}"
EndProject
Global
	GlobalSection(SolutionConfigurationPlatforms) = preSolution
		Debug|Any CPU = Debug|Any CPU
		Release|Any CPU = Release|Any CPU
	EndGlobalSection
	GlobalSection(ProjectConfigurationPlatforms) = postSolution
		{8B65273A-0FF0-4F34-A21F-3E0AF5D73116}.Debug|Any CPU.ActiveCfg = Debug|Any CPU
		{8B65273A-0FF0-4F34-A21F-3E0AF5D73116}.Debug|Any CPU.Build.0 = Debug|Any CPU
		{8B65273A-0FF0-4F34-A21F-3E0AF5D73116}.Release|Any CPU.ActiveCfg = Release|Any CPU
		{8B65273A-0FF0-4F34-A21F-3E0AF5D73116}.Release|Any CPU.Build.0 = Release|Any CPU
	EndGlobalSection
	GlobalSection(SolutionProperties) = preSolution
		HideSolutionNode = FALSE
	EndGlobalSection
	GlobalSection(ExtensibilityGlobals) = postSolution
		SolutionGuid = {DA7B3175-0D27-45F5-A162-A65E5B27769B}
	EndGlobalSection
EndGlobal
